
Microsoft Visual Studio Solution File, Format Version 12.00
# Visual Studio Version 16
VisualStudioVersion = 16.0.30320.27
MinimumVisualStudioVersion = 10.0.40219.1
Project("{FAE04EC0-301F-11D3-BF4B-00C04F79EFBC}") = "Stokuntan", "Stokuntan\Stokuntan.csproj", "{58F1E233-749A-4449-BA18-13F554081560}"
EndProject
Project("{54435603-DBB4-11D2-8724-00A0C9A8B90C}") = "Setup Stokuntan", "Setup Stokuntan\Setup Stokuntan.vdproj", "{8F5C628C-631B-4E8E-878D-D9BD73BF36C9}"
EndProject
Global
	GlobalSection(SolutionConfigurationPlatforms) = preSolution
		Debug|Any CPU = Debug|Any CPU
		Release|Any CPU = Release|Any CPU
	EndGlobalSection
	GlobalSection(ProjectConfigurationPlatforms) = postSolution
		{58F1E233-749A-4449-BA18-13F554081560}.Debug|Any CPU.ActiveCfg = Debug|Any CPU
		{58F1E233-749A-4449-BA18-13F554081560}.Debug|Any CPU.Build.0 = Debug|Any CPU
		{58F1E233-749A-4449-BA18-13F554081560}.Release|Any CPU.ActiveCfg = Release|Any CPU
		{58F1E233-749A-4449-BA18-13F554081560}.Release|Any CPU.Build.0 = Release|Any CPU
		{8F5C628C-631B-4E8E-878D-D9BD73BF36C9}.Debug|Any CPU.ActiveCfg = Debug
		{8F5C628C-631B-4E8E-878D-D9BD73BF36C9}.Release|Any CPU.ActiveCfg = Release
	EndGlobalSection
	GlobalSection(SolutionProperties) = preSolution
		HideSolutionNode = FALSE
	EndGlobalSection
	GlobalSection(ExtensibilityGlobals) = postSolution
		SolutionGuid = {95EBCCCD-9F34-4C73-AC37-96960378EC90}
	EndGlobalSection
EndGlobal
